
Microsoft Visual Studio Solution File, Format Version 12.00
# Visual Studio Version 16
VisualStudioVersion = 16.0.31424.327
MinimumVisualStudioVersion = 10.0.40219.1
Project("{FAE04EC0-301F-11D3-BF4B-00C04F79EFBC}") = "AccountingNote.DBSource", "AccountingNote.DBSource\AccountingNote.DBSource.csproj", "{F5E7ACA0-06C5-4119-8DC8-0581DA0379DD}"
EndProject
Project("{FAE04EC0-301F-11D3-BF4B-00C04F79EFBC}") = "AccountingNote", "AccountingNote\AccountingNote.csproj", "{850C89F0-BDB0-4FEF-850B-F144B1BF64A0}"
EndProject
Project("{FAE04EC0-301F-11D3-BF4B-00C04F79EFBC}") = "AccountingNote.Auth", "AccountingNote.Auth\AccountingNote.Auth.csproj", "{36629644-15C7-477D-9E12-CCBB00F27B1C}"
EndProject
Project("{FAE04EC0-301F-11D3-BF4B-00C04F79EFBC}") = "WebApplication1", "WebApplication1\WebApplication1.csproj", "{3F5DFA97-2338-4877-BACA-9B0639C624D0}"
EndProject
Project("{FAE04EC0-301F-11D3-BF4B-00C04F79EFBC}") = "Try9x9", "Try9x9\Try9x9.csproj", "{81965E1D-622C-42D6-AD6E-76DEF6CDB660}"
EndProject
Project("{FAE04EC0-301F-11D3-BF4B-00C04F79EFBC}") = "WebApplication2", "WebApplication2\WebApplication2.csproj", "{86A38320-6C58-45CA-B8B7-BC183EC44BE3}"
EndProject
Project("{FAE04EC0-301F-11D3-BF4B-00C04F79EFBC}") = "TryReadAPI", "TryReadAPI\TryReadAPI.csproj", "{B0EBD21F-34B7-4CCB-AC63-63B8228C2EFE}"
EndProject
Project("{FAE04EC0-301F-11D3-BF4B-00C04F79EFBC}") = "AccountingNote.ORM", "AccountingNote.ORM\AccountingNote.ORM.csproj", "{2F304318-AAD6-4DFB-8A0D-1A83076B37AF}"
EndProject
Global
	GlobalSection(SolutionConfigurationPlatforms) = preSolution
		Debug|Any CPU = Debug|Any CPU
		Release|Any CPU = Release|Any CPU
	EndGlobalSection
	GlobalSection(ProjectConfigurationPlatforms) = postSolution
		{F5E7ACA0-06C5-4119-8DC8-0581DA0379DD}.Debug|Any CPU.ActiveCfg = Debug|Any CPU
		{F5E7ACA0-06C5-4119-8DC8-0581DA0379DD}.Debug|Any CPU.Build.0 = Debug|Any CPU
		{F5E7ACA0-06C5-4119-8DC8-0581DA0379DD}.Release|Any CPU.ActiveCfg = Release|Any CPU
		{F5E7ACA0-06C5-4119-8DC8-0581DA0379DD}.Release|Any CPU.Build.0 = Release|Any CPU
		{850C89F0-BDB0-4FEF-850B-F144B1BF64A0}.Debug|Any CPU.ActiveCfg = Debug|Any CPU
		{850C89F0-BDB0-4FEF-850B-F144B1BF64A0}.Debug|Any CPU.Build.0 = Debug|Any CPU
		{850C89F0-BDB0-4FEF-850B-F144B1BF64A0}.Release|Any CPU.ActiveCfg = Release|Any CPU
		{850C89F0-BDB0-4FEF-850B-F144B1BF64A0}.Release|Any CPU.Build.0 = Release|Any CPU
		{36629644-15C7-477D-9E12-CCBB00F27B1C}.Debug|Any CPU.ActiveCfg = Debug|Any CPU
		{36629644-15C7-477D-9E12-CCBB00F27B1C}.Debug|Any CPU.Build.0 = Debug|Any CPU
		{36629644-15C7-477D-9E12-CCBB00F27B1C}.Release|Any CPU.ActiveCfg = Release|Any CPU
		{36629644-15C7-477D-9E12-CCBB00F27B1C}.Release|Any CPU.Build.0 = Release|Any CPU
		{3F5DFA97-2338-4877-BACA-9B0639C624D0}.Debug|Any CPU.ActiveCfg = Debug|Any CPU
		{3F5DFA97-2338-4877-BACA-9B0639C624D0}.Debug|Any CPU.Build.0 = Debug|Any CPU
		{3F5DFA97-2338-4877-BACA-9B0639C624D0}.Release|Any CPU.ActiveCfg = Release|Any CPU
		{3F5DFA97-2338-4877-BACA-9B0639C624D0}.Release|Any CPU.Build.0 = Release|Any CPU
		{81965E1D-622C-42D6-AD6E-76DEF6CDB660}.Debug|Any CPU.ActiveCfg = Debug|Any CPU
		{81965E1D-622C-42D6-AD6E-76DEF6CDB660}.Debug|Any CPU.Build.0 = Debug|Any CPU
		{81965E1D-622C-42D6-AD6E-76DEF6CDB660}.Release|Any CPU.ActiveCfg = Release|Any CPU
		{81965E1D-622C-42D6-AD6E-76DEF6CDB660}.Release|Any CPU.Build.0 = Release|Any CPU
		{86A38320-6C58-45CA-B8B7-BC183EC44BE3}.Debug|Any CPU.ActiveCfg = Debug|Any CPU
		{86A38320-6C58-45CA-B8B7-BC183EC44BE3}.Debug|Any CPU.Build.0 = Debug|Any CPU
		{86A38320-6C58-45CA-B8B7-BC183EC44BE3}.Release|Any CPU.ActiveCfg = Release|Any CPU
		{86A38320-6C58-45CA-B8B7-BC183EC44BE3}.Release|Any CPU.Build.0 = Release|Any CPU
		{B0EBD21F-34B7-4CCB-AC63-63B8228C2EFE}.Debug|Any CPU.ActiveCfg = Debug|Any CPU
		{B0EBD21F-34B7-4CCB-AC63-63B8228C2EFE}.Debug|Any CPU.Build.0 = Debug|Any CPU
		{B0EBD21F-34B7-4CCB-AC63-63B8228C2EFE}.Release|Any CPU.ActiveCfg = Release|Any CPU
		{B0EBD21F-34B7-4CCB-AC63-63B8228C2EFE}.Release|Any CPU.Build.0 = Release|Any CPU
		{2F304318-AAD6-4DFB-8A0D-1A83076B37AF}.Debug|Any CPU.ActiveCfg = Debug|Any CPU
		{2F304318-AAD6-4DFB-8A0D-1A83076B37AF}.Debug|Any CPU.Build.0 = Debug|Any CPU
		{2F304318-AAD6-4DFB-8A0D-1A83076B37AF}.Release|Any CPU.ActiveCfg = Release|Any CPU
		{2F304318-AAD6-4DFB-8A0D-1A83076B37AF}.Release|Any CPU.Build.0 = Release|Any CPU
	EndGlobalSection
	GlobalSection(SolutionProperties) = preSolution
		HideSolutionNode = FALSE
	EndGlobalSection
	GlobalSection(ExtensibilityGlobals) = postSolution
		SolutionGuid = {479CA12C-0754-47CD-ACCA-9E91026E324D}
	EndGlobalSection
EndGlobal
